<Solution>

  <!--
    Horde builds itself with a 'Development' configuration and HordeBinDir points at that output, so the
    solution has to offer it too - otherwise `dotnet build -c Development` fails at the solution level
    even though the project itself is configured for it.
  -->
  <Configurations>
    <BuildType Name="Debug" />
    <BuildType Name="Development" />
    <BuildType Name="Release" />
  </Configurations>

  <Project Path="HordeServer.Discord/HordeServer.Discord.csproj" />

  <!-- Phase 0 verification harness; in the solution so it keeps compiling against the engine. -->
  <Project Path="tools/PluginProbe/PluginProbe.csproj" />

</Solution>
